// !$*UTF8*$!
{
	archiveVersion = 1;
	classes = {
	};
	objectVersion = 77;
	objects = {

/* Begin PBXBuildFile section */
		1801C4A62D1BC4C200AC90E0 /* FirebaseAnalytics in Frameworks */ = {isa = PBXBuildFile; productRef = 1801C4A52D1BC4C200AC90E0 /* FirebaseAnalytics */; };
		1801C4A92D1BCEE700AC90E0 /* FirebaseAuth in Frameworks */ = {isa = PBXBuildFile; productRef = 1801C4A82D1BCEE700AC90E0 /* FirebaseAuth */; };
/* End PBXBuildFile section */

/* Begin PBXContainerItemProxy section */
		1801C4862D1BC2B000AC90E0 /* PBXContainerItemProxy */ = {
			isa = PBXContainerItemProxy;
			containerPortal = 1801C46D2D1BC2AE00AC90E0 /* Project object */;
			proxyType = 1;
			remoteGlobalIDString = 1801C4742D1BC2AE00AC90E0;
			remoteInfo = FirebaseBootcamp;
		};
		1801C4902D1BC2B000AC90E0 /* PBXContainerItemProxy */ = {
			isa = PBXContainerItemProxy;
			containerPortal = 1801C46D2D1BC2AE00AC90E0 /* Project object */;
			proxyType = 1;
			remoteGlobalIDString = 1801C4742D1BC2AE00AC90E0;
			remoteInfo = FirebaseBootcamp;
		};
/* End PBXContainerItemProxy section */

/* Begin PBXFileReference section */
		1801C4752D1BC2AE00AC90E0 /* FirebaseBootcamp.app */ = {isa = PBXFileReference; explicitFileType = wrapper.application; includeInIndex = 0; path = FirebaseBootcamp.app; sourceTree = BUILT_PRODUCTS_DIR; };
		1801C4852D1BC2B000AC90E0 /* FirebaseBootcampTests.xctest */ = {isa = PBXFileReference; explicitFileType = wrapper.cfbundle; includeInIndex = 0; path = FirebaseBootcampTests.xctest; sourceTree = BUILT_PRODUCTS_DIR; };
		1801C48F2D1BC2B000AC90E0 /* FirebaseBootcampUITests.xctest */ = {isa = PBXFileReference; explicitFileType = wrapper.cfbundle; includeInIndex = 0; path = FirebaseBootcampUITests.xctest; sourceTree = BUILT_PRODUCTS_DIR; };
/* End PBXFileReference section */

/* Begin PBXFileSystemSynchronizedRootGroup section */
		1801C4772D1BC2AE00AC90E0 /* FirebaseBootcamp */ = {
			isa = PBXFileSystemSynchronizedRootGroup;
			path = FirebaseBootcamp;
			sourceTree = "<group>";
		};
		1801C4882D1BC2B000AC90E0 /* FirebaseBootcampTests */ = {
			isa = PBXFileSystemSynchronizedRootGroup;
			path = FirebaseBootcampTests;
			sourceTree = "<group>";
		};
		1801C4922D1BC2B000AC90E0 /* FirebaseBootcampUITests */ = {
			isa = PBXFileSystemSynchronizedRootGroup;
			path = FirebaseBootcampUITests;
			sourceTree = "<group>";
		};
/* End PBXFileSystemSynchronizedRootGroup section */

/* Begin PBXFrameworksBuildPhase section */
		1801C4722D1BC2AE00AC90E0 /* Frameworks */ = {
			isa = PBXFrameworksBuildPhase;
			buildActionMask = 2147483647;
			files = (
				1801C4A62D1BC4C200AC90E0 /* FirebaseAnalytics in Frameworks */,
				1801C4A92D1BCEE700AC90E0 /* FirebaseAuth in Frameworks */,
			);
			runOnlyForDeploymentPostprocessing = 0;
		};
		1801C4822D1BC2B000AC90E0 /* Frameworks */ = {
			isa = PBXFrameworksBuildPhase;
			buildActionMask = 2147483647;
			files = (
			);
			runOnlyForDeploymentPostprocessing = 0;
		};
		1801C48C2D1BC2B000AC90E0 /* Frameworks */ = {
			isa = PBXFrameworksBuildPhase;
			buildActionMask = 2147483647;
			files = (
			);
			runOnlyForDeploymentPostprocessing = 0;
		};
/* End PBXFrameworksBuildPhase section */

/* Begin PBXGroup section */
		1801C46C2D1BC2AE00AC90E0 = {
			isa = PBXGroup;
			children = (
				1801C4772D1BC2AE00AC90E0 /* FirebaseBootcamp */,
				1801C4882D1BC2B000AC90E0 /* FirebaseBootcampTests */,
				1801C4922D1BC2B000AC90E0 /* FirebaseBootcampUITests */,
				1801C4A72D1BCEE700AC90E0 /* Frameworks */,
				1801C4762D1BC2AE00AC90E0 /* Products */,
			);
			sourceTree = "<group>";
		};
		1801C4762D1BC2AE00AC90E0 /* Products */ = {
			isa = PBXGroup;
			children = (
				1801C4752D1BC2AE00AC90E0 /* FirebaseBootcamp.app */,
				1801C4852D1BC2B000AC90E0 /* FirebaseBootcampTests.xctest */,
				1801C48F2D1BC2B000AC90E0 /* FirebaseBootcampUITests.xctest */,
			);
			name = Products;
			sourceTree = "<group>";
		};
		1801C4A72D1BCEE700AC90E0 /* Frameworks */ = {
			isa = PBXGroup;
			children = (
			);
			name = Frameworks;
			sourceTree = "<group>";
		};
/* End PBXGroup section */

/* Begin PBXNativeTarget section */
		1801C4742D1BC2AE00AC90E0 /* FirebaseBootcamp */ = {
			isa = PBXNativeTarget;
			buildConfigurationList = 1801C4992D1BC2B000AC90E0 /* Build configuration list for PBXNativeTarget "FirebaseBootcamp" */;
			buildPhases = (
				1801C4712D1BC2AE00AC90E0 /* Sources */,
				1801C4722D1BC2AE00AC90E0 /* Frameworks */,
				1801C4732D1BC2AE00AC90E0 /* Resources */,
			);
			buildRules = (
			);
			dependencies = (
			);
			fileSystemSynchronizedGroups = (
				1801C4772D1BC2AE00AC90E0 /* FirebaseBootcamp */,
			);
			name = FirebaseBootcamp;
			packageProductDependencies = (
				1801C4A52D1BC4C200AC90E0 /* FirebaseAnalytics */,
				1801C4A82D1BCEE700AC90E0 /* FirebaseAuth */,
			);
			productName = FirebaseBootcamp;
			productReference = 1801C4752D1BC2AE00AC90E0 /* FirebaseBootcamp.app */;
			productType = "com.apple.product-type.application";
		};
		1801C4842D1BC2B000AC90E0 /* FirebaseBootcampTests */ = {
			isa = PBXNativeTarget;
			buildConfigurationList = 1801C49C2D1BC2B000AC90E0 /* Build configuration list for PBXNativeTarget "FirebaseBootcampTests" */;
			buildPhases = (
				1801C4812D1BC2B000AC90E0 /* Sources */,
				1801C4822D1BC2B000AC90E0 /* Frameworks */,
				1801C4832D1BC2B000AC90E0 /* Resources */,
			);
			buildRules = (
			);
			dependencies = (
				1801C4872D1BC2B000AC90E0 /* PBXTargetDependency */,
			);
			fileSystemSynchronizedGroups = (
				1801C4882D1BC2B000AC90E0 /* FirebaseBootcampTests */,
			);
			name = FirebaseBootcampTests;
			packageProductDependencies = (
			);
			productName = FirebaseBootcampTests;
			productReference = 1801C4852D1BC2B000AC90E0 /* FirebaseBootcampTests.xctest */;
			productType = "com.apple.product-type.bundle.unit-test";
		};
		1801C48E2D1BC2B000AC90E0 /* FirebaseBootcampUITests */ = {
			isa = PBXNativeTarget;
			buildConfigurationList = 1801C49F2D1BC2B000AC90E0 /* Build configuration list for PBXNativeTarget "FirebaseBootcampUITests" */;
			buildPhases = (
				1801C48B2D1BC2B000AC90E0 /* Sources */,
				1801C48C2D1BC2B000AC90E0 /* Frameworks */,
				1801C48D2D1BC2B000AC90E0 /* Resources */,
			);
			buildRules = (
			);
			dependencies = (
				1801C4912D1BC2B000AC90E0 /* PBXTargetDependency */,
			);
			fileSystemSynchronizedGroups = (
				1801C4922D1BC2B000AC90E0 /* FirebaseBootcampUITests */,
			);
			name = FirebaseBootcampUITests;
			packageProductDependencies = (
			);
			productName = FirebaseBootcampUITests;
			productReference = 1801C48F2D1BC2B000AC90E0 /* FirebaseBootcampUITests.xctest */;
			productType = "com.apple.product-type.bundle.ui-testing";
		};
/* End PBXNativeTarget section */

/* Begin PBXProject section */
		1801C46D2D1BC2AE00AC90E0 /* Project object */ = {
			isa = PBXProject;
			attributes = {
				BuildIndependentTargetsInParallel = 1;
				LastSwiftUpdateCheck = 1600;
				LastUpgradeCheck = 1600;
				TargetAttributes = {
					1801C4742D1BC2AE00AC90E0 = {
						CreatedOnToolsVersion = 16.0;
					};
					1801C4842D1BC2B000AC90E0 = {
						CreatedOnToolsVersion = 16.0;
						TestTargetID = 1801C4742D1BC2AE00AC90E0;
					};
					1801C48E2D1BC2B000AC90E0 = {
						CreatedOnToolsVersion = 16.0;
						TestTargetID = 1801C4742D1BC2AE00AC90E0;
					};
				};
			};
			buildConfigurationList = 1801C4702D1BC2AE00AC90E0 /* Build configuration list for PBXProject "FirebaseBootcamp" */;
			developmentRegion = en;
			hasScannedForEncodings = 0;
			knownRegions = (
				en,
				Base,
			);
			mainGroup = 1801C46C2D1BC2AE00AC90E0;
			minimizedProjectReferenceProxies = 1;
			packageReferences = (
				1801C4A42D1BC4C200AC90E0 /* XCRemoteSwiftPackageReference "firebase-ios-sdk" */,
			);
			preferredProjectObjectVersion = 77;
			productRefGroup = 1801C4762D1BC2AE00AC90E0 /* Products */;
			projectDirPath = "";
			projectRoot = "";
			targets = (
				1801C4742D1BC2AE00AC90E0 /* FirebaseBootcamp */,
				1801C4842D1BC2B000AC90E0 /* FirebaseBootcampTests */,
				1801C48E2D1BC2B000AC90E0 /* FirebaseBootcampUITests */,
			);
		};
/* End PBXProject section */

/* Begin PBXResourcesBuildPhase section */
		1801C4732D1BC2AE00AC90E0 /* Resources */ = {
			isa = PBXResourcesBuildPhase;
			buildActionMask = 2147483647;
			files = (
			);
			runOnlyForDeploymentPostprocessing = 0;
		};
		1801C4832D1BC2B000AC90E0 /* Resources */ = {
			isa = PBXResourcesBuildPhase;
			buildActionMask = 2147483647;
			files = (
			);
			runOnlyForDeploymentPostprocessing = 0;
		};
		1801C48D2D1BC2B000AC90E0 /* Resources */ = {
			isa = PBXResourcesBuildPhase;
			buildActionMask = 2147483647;
			files = (
			);
			runOnlyForDeploymentPostprocessing = 0;
		};
/* End PBXResourcesBuildPhase section */

/* Begin PBXSourcesBuildPhase section */
		1801C4712D1BC2AE00AC90E0 /* Sources */ = {
			isa = PBXSourcesBuildPhase;
			buildActionMask = 2147483647;
			files = (
			);
			runOnlyForDeploymentPostprocessing = 0;
		};
		1801C4812D1BC2B000AC90E0 /* Sources */ = {
			isa = PBXSourcesBuildPhase;
			buildActionMask = 2147483647;
			files = (
			);
			runOnlyForDeploymentPostprocessing = 0;
		};
		1801C48B2D1BC2B000AC90E0 /* Sources */ = {
			isa = PBXSourcesBuildPhase;
			buildActionMask = 2147483647;
			files = (
			);
			runOnlyForDeploymentPostprocessing = 0;
		};
/* End PBXSourcesBuildPhase section */

/* Begin PBXTargetDependency section */
		1801C4872D1BC2B000AC90E0 /* PBXTargetDependency */ = {
			isa = PBXTargetDependency;
			target = 1801C4742D1BC2AE00AC90E0 /* FirebaseBootcamp */;
			targetProxy = 1801C4862D1BC2B000AC90E0 /* PBXContainerItemProxy */;
		};
		1801C4912D1BC2B000AC90E0 /* PBXTargetDependency */ = {
			isa = PBXTargetDependency;
			target = 1801C4742D1BC2AE00AC90E0 /* FirebaseBootcamp */;
			targetProxy = 1801C4902D1BC2B000AC90E0 /* PBXContainerItemProxy */;
		};
/* End PBXTargetDependency section */

/* Begin XCBuildConfiguration section */
		1801C4972D1BC2B000AC90E0 /* Debug */ = {
			isa = XCBuildConfiguration;
			buildSettings = {
				ALWAYS_SEARCH_USER_PATHS = NO;
				ASSETCATALOG_COMPILER_GENERATE_SWIFT_ASSET_SYMBOL_EXTENSIONS = YES;
				CLANG_ANALYZER_NONNULL = YES;
				CLANG_ANALYZER_NUMBER_OBJECT_CONVERSION = YES_AGGRESSIVE;
				CLANG_CXX_LANGUAGE_STANDARD = "gnu++20";
				CLANG_ENABLE_MODULES = YES;
				CLANG_ENABLE_OBJC_ARC = YES;
				CLANG_ENABLE_OBJC_WEAK = YES;
				CLANG_WARN_BLOCK_CAPTURE_AUTORELEASING = YES;
				CLANG_WARN_BOOL_CONVERSION = YES;
				CLANG_WARN_COMMA = YES;
				CLANG_WARN_CONSTANT_CONVERSION = YES;
				CLANG_WARN_DEPRECATED_OBJC_IMPLEMENTATIONS = YES;
				CLANG_WARN_DIRECT_OBJC_ISA_USAGE = YES_ERROR;
				CLANG_WARN_DOCUMENTATION_COMMENTS = YES;
				CLANG_WARN_EMPTY_BODY = YES;
				CLANG_WARN_ENUM_CONVERSION = YES;
				CLANG_WARN_INFINITE_RECURSION = YES;
				CLANG_WARN_INT_CONVERSION = YES;
				CLANG_WARN_NON_LITERAL_NULL_CONVERSION = YES;
				CLANG_WARN_OBJC_IMPLICIT_RETAIN_SELF = YES;
				CLANG_WARN_OBJC_LITERAL_CONVERSION = YES;
				CLANG_WARN_OBJC_ROOT_CLASS = YES_ERROR;
				CLANG_WARN_QUOTED_INCLUDE_IN_FRAMEWORK_HEADER = YES;
				CLANG_WARN_RANGE_LOOP_ANALYSIS = YES;
				CLANG_WARN_STRICT_PROTOTYPES = YES;
				CLANG_WARN_SUSPICIOUS_MOVE = YES;
				CLANG_WARN_UNGUARDED_AVAILABILITY = YES_AGGRESSIVE;
				CLANG_WARN_UNREACHABLE_CODE = YES;
				CLANG_WARN__DUPLICATE_METHOD_MATCH = YES;
				COPY_PHASE_STRIP = NO;
				DEBUG_INFORMATION_FORMAT = dwarf;
				ENABLE_STRICT_OBJC_MSGSEND = YES;
				ENABLE_TESTABILITY = YES;
				ENABLE_USER_SCRIPT_SANDBOXING = YES;
				GCC_C_LANGUAGE_STANDARD = gnu17;
				GCC_DYNAMIC_NO_PIC = NO;
				GCC_NO_COMMON_BLOCKS = YES;
				GCC_OPTIMIZATION_LEVEL = 0;
				GCC_PREPROCESSOR_DEFINITIONS = (
					"DEBUG=1",
					"$(inherited)",
				);
				GCC_WARN_64_TO_32_BIT_CONVERSION = YES;
				GCC_WARN_ABOUT_RETURN_TYPE = YES_ERROR;
				GCC_WARN_UNDECLARED_SELECTOR = YES;
				GCC_WARN_UNINITIALIZED_AUTOS = YES_AGGRESSIVE;
				GCC_WARN_UNUSED_FUNCTION = YES;
				GCC_WARN_UNUSED_VARIABLE = YES;
				IPHONEOS_DEPLOYMENT_TARGET = 18.0;
				LOCALIZATION_PREFERS_STRING_CATALOGS = YES;
				MTL_ENABLE_DEBUG_INFO = INCLUDE_SOURCE;
				MTL_FAST_MATH = YES;
				ONLY_ACTIVE_ARCH = YES;
				SDKROOT = iphoneos;
				SWIFT_ACTIVE_COMPILATION_CONDITIONS = "DEBUG $(inherited)";
				SWIFT_OPTIMIZATION_LEVEL = "-Onone";
			};
			name = Debug;
		};
		1801C4982D1BC2B000AC90E0 /* Release */ = {
			isa = XCBuildConfiguration;
			buildSettings = {
				ALWAYS_SEARCH_USER_PATHS = NO;
				ASSETCATALOG_COMPILER_GENERATE_SWIFT_ASSET_SYMBOL_EXTENSIONS = YES;
				CLANG_ANALYZER_NONNULL = YES;
				CLANG_ANALYZER_NUMBER_OBJECT_CONVERSION = YES_AGGRESSIVE;
				CLANG_CXX_LANGUAGE_STANDARD = "gnu++20";
				CLANG_ENABLE_MODULES = YES;
				CLANG_ENABLE_OBJC_ARC = YES;
				CLANG_ENABLE_OBJC_WEAK = YES;
				CLANG_WARN_BLOCK_CAPTURE_AUTORELEASING = YES;
				CLANG_WARN_BOOL_CONVERSION = YES;
				CLANG_WARN_COMMA = YES;
				CLANG_WARN_CONSTANT_CONVERSION = YES;
				CLANG_WARN_DEPRECATED_OBJC_IMPLEMENTATIONS = YES;
				CLANG_WARN_DIRECT_OBJC_ISA_USAGE = YES_ERROR;
				CLANG_WARN_DOCUMENTATION_COMMENTS = YES;
				CLANG_WARN_EMPTY_BODY = YES;
				CLANG_WARN_ENUM_CONVERSION = YES;
				CLANG_WARN_INFINITE_RECURSION = YES;
				CLANG_WARN_INT_CONVERSION = YES;
				CLANG_WARN_NON_LITERAL_NULL_CONVERSION = YES;
				CLANG_WARN_OBJC_IMPLICIT_RETAIN_SELF = YES;
				CLANG_WARN_OBJC_LITERAL_CONVERSION = YES;
				CLANG_WARN_OBJC_ROOT_CLASS = YES_ERROR;
				CLANG_WARN_QUOTED_INCLUDE_IN_FRAMEWORK_HEADER = YES;
				CLANG_WARN_RANGE_LOOP_ANALYSIS = YES;
				CLANG_WARN_STRICT_PROTOTYPES = YES;
				CLANG_WARN_SUSPICIOUS_MOVE = YES;
				CLANG_WARN_UNGUARDED_AVAILABILITY = YES_AGGRESSIVE;
				CLANG_WARN_UNREACHABLE_CODE = YES;
				CLANG_WARN__DUPLICATE_METHOD_MATCH = YES;
				COPY_PHASE_STRIP = NO;
				DEBUG_INFORMATION_FORMAT = "dwarf-with-dsym";
				ENABLE_NS_ASSERTIONS = NO;
				ENABLE_STRICT_OBJC_MSGSEND = YES;
				ENABLE_USER_SCRIPT_SANDBOXING = YES;
				GCC_C_LANGUAGE_STANDARD = gnu17;
				GCC_NO_COMMON_BLOCKS = YES;
				GCC_WARN_64_TO_32_BIT_CONVERSION = YES;
				GCC_WARN_ABOUT_RETURN_TYPE = YES_ERROR;
				GCC_WARN_UNDECLARED_SELECTOR = YES;
				GCC_WARN_UNINITIALIZED_AUTOS = YES_AGGRESSIVE;
				GCC_WARN_UNUSED_FUNCTION = YES;
				GCC_WARN_UNUSED_VARIABLE = YES;
				IPHONEOS_DEPLOYMENT_TARGET = 18.0;
				LOCALIZATION_PREFERS_STRING_CATALOGS = YES;
				MTL_ENABLE_DEBUG_INFO = NO;
				MTL_FAST_MATH = YES;
				SDKROOT = iphoneos;
				SWIFT_COMPILATION_MODE = wholemodule;
				VALIDATE_PRODUCT = YES;
			};
			name = Release;
		};
		1801C49A2D1BC2B000AC90E0 /* Debug */ = {
			isa = XCBuildConfiguration;
			buildSettings = {
				ASSETCATALOG_COMPILER_APPICON_NAME = AppIcon;
				ASSETCATALOG_COMPILER_GLOBAL_ACCENT_COLOR_NAME = AccentColor;
				CODE_SIGN_STYLE = Automatic;
				CURRENT_PROJECT_VERSION = 1;
				DEVELOPMENT_ASSET_PATHS = "\"FirebaseBootcamp/Preview Content\"";
				DEVELOPMENT_TEAM = 3RJD53NZ9H;
				ENABLE_PREVIEWS = YES;
				GENERATE_INFOPLIST_FILE = YES;
				INFOPLIST_KEY_UIApplicationSceneManifest_Generation = YES;
				INFOPLIST_KEY_UIApplicationSupportsIndirectInputEvents = YES;
				INFOPLIST_KEY_UILaunchScreen_Generation = YES;
				INFOPLIST_KEY_UISupportedInterfaceOrientations_iPad = "UIInterfaceOrientationPortrait UIInterfaceOrientationPortraitUpsideDown UIInterfaceOrientationLandscapeLeft UIInterfaceOrientationLandscapeRight";
				INFOPLIST_KEY_UISupportedInterfaceOrientations_iPhone = "UIInterfaceOrientationPortrait UIInterfaceOrientationLandscapeLeft UIInterfaceOrientationLandscapeRight";
				LD_RUNPATH_SEARCH_PATHS = (
					"$(inherited)",
					"@executable_path/Frameworks",
				);
				MARKETING_VERSION = 1.0;
				PRODUCT_BUNDLE_IDENTIFIER = git.FirebaseBootcamp;
				PRODUCT_NAME = "$(TARGET_NAME)";
				SWIFT_EMIT_LOC_STRINGS = YES;
				SWIFT_VERSION = 5.0;
				TARGETED_DEVICE_FAMILY = "1,2";
			};
			name = Debug;
		};
		1801C49B2D1BC2B000AC90E0 /* Release */ = {
			isa = XCBuildConfiguration;
			buildSettings = {
				ASSETCATALOG_COMPILER_APPICON_NAME = AppIcon;
				ASSETCATALOG_COMPILER_GLOBAL_ACCENT_COLOR_NAME = AccentColor;
				CODE_SIGN_STYLE = Automatic;
				CURRENT_PROJECT_VERSION = 1;
				DEVELOPMENT_ASSET_PATHS = "\"FirebaseBootcamp/Preview Content\"";
				DEVELOPMENT_TEAM = 3RJD53NZ9H;
				ENABLE_PREVIEWS = YES;
				GENERATE_INFOPLIST_FILE = YES;
				INFOPLIST_KEY_UIApplicationSceneManifest_Generation = YES;
				INFOPLIST_KEY_UIApplicationSupportsIndirectInputEvents = YES;
				INFOPLIST_KEY_UILaunchScreen_Generation = YES;
				INFOPLIST_KEY_UISupportedInterfaceOrientations_iPad = "UIInterfaceOrientationPortrait UIInterfaceOrientationPortraitUpsideDown UIInterfaceOrientationLandscapeLeft UIInterfaceOrientationLandscapeRight";
				INFOPLIST_KEY_UISupportedInterfaceOrientations_iPhone = "UIInterfaceOrientationPortrait UIInterfaceOrientationLandscapeLeft UIInterfaceOrientationLandscapeRight";
				LD_RUNPATH_SEARCH_PATHS = (
					"$(inherited)",
					"@executable_path/Frameworks",
				);
				MARKETING_VERSION = 1.0;
				PRODUCT_BUNDLE_IDENTIFIER = git.FirebaseBootcamp;
				PRODUCT_NAME = "$(TARGET_NAME)";
				SWIFT_EMIT_LOC_STRINGS = YES;
				SWIFT_VERSION = 5.0;
				TARGETED_DEVICE_FAMILY = "1,2";
			};
			name = Release;
		};
		1801C49D2D1BC2B000AC90E0 /* Debug */ = {
			isa = XCBuildConfiguration;
			buildSettings = {
				BUNDLE_LOADER = "$(TEST_HOST)";
				CODE_SIGN_STYLE = Automatic;
				CURRENT_PROJECT_VERSION = 1;
				DEVELOPMENT_TEAM = 3RJD53NZ9H;
				GENERATE_INFOPLIST_FILE = YES;
				IPHONEOS_DEPLOYMENT_TARGET = 18.0;
				MARKETING_VERSION = 1.0;
				PRODUCT_BUNDLE_IDENTIFIER = git.FirebaseBootcampTests;
				PRODUCT_NAME = "$(TARGET_NAME)";
				SWIFT_EMIT_LOC_STRINGS = NO;
				SWIFT_VERSION = 5.0;
				TARGETED_DEVICE_FAMILY = "1,2";
				TEST_HOST = "$(BUILT_PRODUCTS_DIR)/FirebaseBootcamp.app/$(BUNDLE_EXECUTABLE_FOLDER_PATH)/FirebaseBootcamp";
			};
			name = Debug;
		};
		1801C49E2D1BC2B000AC90E0 /* Release */ = {
			isa = XCBuildConfiguration;
			buildSettings = {
				BUNDLE_LOADER = "$(TEST_HOST)";
				CODE_SIGN_STYLE = Automatic;
				CURRENT_PROJECT_VERSION = 1;
				DEVELOPMENT_TEAM = 3RJD53NZ9H;
				GENERATE_INFOPLIST_FILE = YES;
				IPHONEOS_DEPLOYMENT_TARGET = 18.0;
				MARKETING_VERSION = 1.0;
				PRODUCT_BUNDLE_IDENTIFIER = git.FirebaseBootcampTests;
				PRODUCT_NAME = "$(TARGET_NAME)";
				SWIFT_EMIT_LOC_STRINGS = NO;
				SWIFT_VERSION = 5.0;
				TARGETED_DEVICE_FAMILY = "1,2";
				TEST_HOST = "$(BUILT_PRODUCTS_DIR)/FirebaseBootcamp.app/$(BUNDLE_EXECUTABLE_FOLDER_PATH)/FirebaseBootcamp";
			};
			name = Release;
		};
		1801C4A02D1BC2B000AC90E0 /* Debug */ = {
			isa = XCBuildConfiguration;
			buildSettings = {
				CODE_SIGN_STYLE = Automatic;
				CURRENT_PROJECT_VERSION = 1;
				DEVELOPMENT_TEAM = 3RJD53NZ9H;
				GENERATE_INFOPLIST_FILE = YES;
				MARKETING_VERSION = 1.0;
				PRODUCT_BUNDLE_IDENTIFIER = git.FirebaseBootcampUITests;
				PRODUCT_NAME = "$(TARGET_NAME)";
				SWIFT_EMIT_LOC_STRINGS = NO;
				SWIFT_VERSION = 5.0;
				TARGETED_DEVICE_FAMILY = "1,2";
				TEST_TARGET_NAME = FirebaseBootcamp;
			};
			name = Debug;
		};
		1801C4A12D1BC2B000AC90E0 /* Release */ = {
			isa = XCBuildConfiguration;
			buildSettings = {
				CODE_SIGN_STYLE = Automatic;
				CURRENT_PROJECT_VERSION = 1;
				DEVELOPMENT_TEAM = 3RJD53NZ9H;
				GENERATE_INFOPLIST_FILE = YES;
				MARKETING_VERSION = 1.0;
				PRODUCT_BUNDLE_IDENTIFIER = git.FirebaseBootcampUITests;
				PRODUCT_NAME = "$(TARGET_NAME)";
				SWIFT_EMIT_LOC_STRINGS = NO;
				SWIFT_VERSION = 5.0;
				TARGETED_DEVICE_FAMILY = "1,2";
				TEST_TARGET_NAME = FirebaseBootcamp;
			};
			name = Release;
		};
/* End XCBuildConfiguration section */

/* Begin XCConfigurationList section */
		1801C4702D1BC2AE00AC90E0 /* Build configuration list for PBXProject "FirebaseBootcamp" */ = {
			isa = XCConfigurationList;
			buildConfigurations = (
				1801C4972D1BC2B000AC90E0 /* Debug */,
				1801C4982D1BC2B000AC90E0 /* Release */,
			);
			defaultConfigurationIsVisible = 0;
			defaultConfigurationName = Release;
		};
		1801C4992D1BC2B000AC90E0 /* Build configuration list for PBXNativeTarget "FirebaseBootcamp" */ = {
			isa = XCConfigurationList;
			buildConfigurations = (
				1801C49A2D1BC2B000AC90E0 /* Debug */,
				1801C49B2D1BC2B000AC90E0 /* Release */,
			);
			defaultConfigurationIsVisible = 0;
			defaultConfigurationName = Release;
		};
		1801C49C2D1BC2B000AC90E0 /* Build configuration list for PBXNativeTarget "FirebaseBootcampTests" */ = {
			isa = XCConfigurationList;
			buildConfigurations = (
				1801C49D2D1BC2B000AC90E0 /* Debug */,
				1801C49E2D1BC2B000AC90E0 /* Release */,
			);
			defaultConfigurationIsVisible = 0;
			defaultConfigurationName = Release;
		};
		1801C49F2D1BC2B000AC90E0 /* Build configuration list for PBXNativeTarget "FirebaseBootcampUITests" */ = {
			isa = XCConfigurationList;
			buildConfigurations = (
				1801C4A02D1BC2B000AC90E0 /* Debug */,
				1801C4A12D1BC2B000AC90E0 /* Release */,
			);
			defaultConfigurationIsVisible = 0;
			defaultConfigurationName = Release;
		};
/* End XCConfigurationList section */

/* Begin XCRemoteSwiftPackageReference section */
		1801C4A42D1BC4C200AC90E0 /* XCRemoteSwiftPackageReference "firebase-ios-sdk" */ = {
			isa = XCRemoteSwiftPackageReference;
			repositoryURL = "https://github.com/firebase/firebase-ios-sdk";
			requirement = {
				kind = upToNextMajorVersion;
				minimumVersion = 11.6.0;
			};
		};
/* End XCRemoteSwiftPackageReference section */

/* Begin XCSwiftPackageProductDependency section */
		1801C4A52D1BC4C200AC90E0 /* FirebaseAnalytics */ = {
			isa = XCSwiftPackageProductDependency;
			package = 1801C4A42D1BC4C200AC90E0 /* XCRemoteSwiftPackageReference "firebase-ios-sdk" */;
			productName = FirebaseAnalytics;
		};
		1801C4A82D1BCEE700AC90E0 /* FirebaseAuth */ = {
			isa = XCSwiftPackageProductDependency;
			package = 1801C4A42D1BC4C200AC90E0 /* XCRemoteSwiftPackageReference "firebase-ios-sdk" */;
			productName = FirebaseAuth;
		};
/* End XCSwiftPackageProductDependency section */
	};
	rootObject = 1801C46D2D1BC2AE00AC90E0 /* Project object */;
}
